
Microsoft Visual Studio Solution File, Format Version 12.00
# Visual Studio Version 16
VisualStudioVersion = 16.0.30804.86
MinimumVisualStudioVersion = 10.0.40219.1
Project("{9A19103F-16F7-4668-BE54-9A1E7A4F7556}") = "CO.PaymentGateway.Business.Core", "CO.PaymentGateway.Business.Core\CO.PaymentGateway.Business.Core.csproj", "{EAFE78F7-0CFF-4422-81FC-4761910651E9}"
EndProject
Project("{9A19103F-16F7-4668-BE54-9A1E7A4F7556}") = "CO.PaymentGateway.Data", "CO.PaymentGateway.Data\CO.PaymentGateway.Data.csproj", "{38CDC53E-D475-4971-8A8D-CF06A6272B8F}"
EndProject
Project("{9A19103F-16F7-4668-BE54-9A1E7A4F7556}") = "CO.PaymentGateway.Business.Logic", "CO.PaymentGateway.Business.Logic\CO.PaymentGateway.Business.Logic.csproj", "{9E455AA5-EA17-4F14-9098-BAA08AD11B47}"
EndProject
Project("{9A19103F-16F7-4668-BE54-9A1E7A4F7556}") = "CO.PaymentGateway.API.V1", "CO.PaymentGateway.API.V1\CO.PaymentGateway.API.V1.csproj", "{242B1498-5C9D-4FAD-972C-70BED9EFA9C9}"
EndProject
Project("{9A19103F-16F7-4668-BE54-9A1E7A4F7556}") = "CO.PaymentGateway.HostApp", "CO.PaymentGateway.HostApp\CO.PaymentGateway.HostApp.csproj", "{DC488778-7DC4-46B6-98E5-7963B9227766}"
EndProject
Project("{9A19103F-16F7-4668-BE54-9A1E7A4F7556}") = "CO.PaymentGateway.BankClient", "CO.PaymentGateway.BankClient\CO.PaymentGateway.BankClient.csproj", "{585D36AE-03CB-4BFF-B31E-7BF0DD0390FF}"
EndProject
Project("{9A19103F-16F7-4668-BE54-9A1E7A4F7556}") = "CO.PaymentGateway.Cache", "CO.PaymentGateway.Cache\CO.PaymentGateway.Cache.csproj", "{C5EA80F0-19AF-4CF3-881D-2A76DAE27602}"
EndProject
Project("{FAE04EC0-301F-11D3-BF4B-00C04F79EFBC}") = "CO.PaymentGateway.Tests", "CO.PaymentGateway.Tests\CO.PaymentGateway.Tests.csproj", "{55594DB0-44E8-4C94-8F65-898D34A9AC1E}"
EndProject
Project("{FAE04EC0-301F-11D3-BF4B-00C04F79EFBC}") = "CO.PaymentGateway.Encryption", "CO.PaymentGateway.Encryption\CO.PaymentGateway.Encryption.csproj", "{C22CF78D-E00C-4F42-9E25-B41F2899ADFF}"
EndProject
Global
	GlobalSection(SolutionConfigurationPlatforms) = preSolution
		Debug|Any CPU = Debug|Any CPU
		Release|Any CPU = Release|Any CPU
	EndGlobalSection
	GlobalSection(ProjectConfigurationPlatforms) = postSolution
		{EAFE78F7-0CFF-4422-81FC-4761910651E9}.Debug|Any CPU.ActiveCfg = Debug|Any CPU
		{EAFE78F7-0CFF-4422-81FC-4761910651E9}.Debug|Any CPU.Build.0 = Debug|Any CPU
		{EAFE78F7-0CFF-4422-81FC-4761910651E9}.Release|Any CPU.ActiveCfg = Release|Any CPU
		{EAFE78F7-0CFF-4422-81FC-4761910651E9}.Release|Any CPU.Build.0 = Release|Any CPU
		{38CDC53E-D475-4971-8A8D-CF06A6272B8F}.Debug|Any CPU.ActiveCfg = Debug|Any CPU
		{38CDC53E-D475-4971-8A8D-CF06A6272B8F}.Debug|Any CPU.Build.0 = Debug|Any CPU
		{38CDC53E-D475-4971-8A8D-CF06A6272B8F}.Release|Any CPU.ActiveCfg = Release|Any CPU
		{38CDC53E-D475-4971-8A8D-CF06A6272B8F}.Release|Any CPU.Build.0 = Release|Any CPU
		{9E455AA5-EA17-4F14-9098-BAA08AD11B47}.Debug|Any CPU.ActiveCfg = Debug|Any CPU
		{9E455AA5-EA17-4F14-9098-BAA08AD11B47}.Debug|Any CPU.Build.0 = Debug|Any CPU
		{9E455AA5-EA17-4F14-9098-BAA08AD11B47}.Release|Any CPU.ActiveCfg = Release|Any CPU
		{9E455AA5-EA17-4F14-9098-BAA08AD11B47}.Release|Any CPU.Build.0 = Release|Any CPU
		{242B1498-5C9D-4FAD-972C-70BED9EFA9C9}.Debug|Any CPU.ActiveCfg = Debug|Any CPU
		{242B1498-5C9D-4FAD-972C-70BED9EFA9C9}.Debug|Any CPU.Build.0 = Debug|Any CPU
		{242B1498-5C9D-4FAD-972C-70BED9EFA9C9}.Release|Any CPU.ActiveCfg = Release|Any CPU
		{242B1498-5C9D-4FAD-972C-70BED9EFA9C9}.Release|Any CPU.Build.0 = Release|Any CPU
		{DC488778-7DC4-46B6-98E5-7963B9227766}.Debug|Any CPU.ActiveCfg = Debug|Any CPU
		{DC488778-7DC4-46B6-98E5-7963B9227766}.Debug|Any CPU.Build.0 = Debug|Any CPU
		{DC488778-7DC4-46B6-98E5-7963B9227766}.Release|Any CPU.ActiveCfg = Release|Any CPU
		{DC488778-7DC4-46B6-98E5-7963B9227766}.Release|Any CPU.Build.0 = Release|Any CPU
		{585D36AE-03CB-4BFF-B31E-7BF0DD0390FF}.Debug|Any CPU.ActiveCfg = Debug|Any CPU
		{585D36AE-03CB-4BFF-B31E-7BF0DD0390FF}.Debug|Any CPU.Build.0 = Debug|Any CPU
		{585D36AE-03CB-4BFF-B31E-7BF0DD0390FF}.Release|Any CPU.ActiveCfg = Release|Any CPU
		{585D36AE-03CB-4BFF-B31E-7BF0DD0390FF}.Release|Any CPU.Build.0 = Release|Any CPU
		{C5EA80F0-19AF-4CF3-881D-2A76DAE27602}.Debug|Any CPU.ActiveCfg = Debug|Any CPU
		{C5EA80F0-19AF-4CF3-881D-2A76DAE27602}.Debug|Any CPU.Build.0 = Debug|Any CPU
		{C5EA80F0-19AF-4CF3-881D-2A76DAE27602}.Release|Any CPU.ActiveCfg = Release|Any CPU
		{C5EA80F0-19AF-4CF3-881D-2A76DAE27602}.Release|Any CPU.Build.0 = Release|Any CPU
		{55594DB0-44E8-4C94-8F65-898D34A9AC1E}.Debug|Any CPU.ActiveCfg = Debug|Any CPU
		{55594DB0-44E8-4C94-8F65-898D34A9AC1E}.Debug|Any CPU.Build.0 = Debug|Any CPU
		{55594DB0-44E8-4C94-8F65-898D34A9AC1E}.Release|Any CPU.ActiveCfg = Release|Any CPU
		{55594DB0-44E8-4C94-8F65-898D34A9AC1E}.Release|Any CPU.Build.0 = Release|Any CPU
		{C22CF78D-E00C-4F42-9E25-B41F2899ADFF}.Debug|Any CPU.ActiveCfg = Debug|Any CPU
		{C22CF78D-E00C-4F42-9E25-B41F2899ADFF}.Debug|Any CPU.Build.0 = Debug|Any CPU
		{C22CF78D-E00C-4F42-9E25-B41F2899ADFF}.Release|Any CPU.ActiveCfg = Release|Any CPU
		{C22CF78D-E00C-4F42-9E25-B41F2899ADFF}.Release|Any CPU.Build.0 = Release|Any CPU
	EndGlobalSection
	GlobalSection(SolutionProperties) = preSolution
		HideSolutionNode = FALSE
	EndGlobalSection
	GlobalSection(ExtensibilityGlobals) = postSolution
		SolutionGuid = {59EECB75-4A7E-4164-8C5A-C0AD2116E00D}
	EndGlobalSection
EndGlobal
